// !$*UTF8*$!
{
	archiveVersion = 1;
	classes = {
	};
	objectVersion = 46;
	objects = {

/* Begin PBXBuildFile section */
		3F4D02341CC8FD42005416D5 /* main.m in Sources */ = {isa = PBXBuildFile; fileRef = 3F4D02331CC8FD42005416D5 /* main.m */; };
		3F4D02371CC8FD42005416D5 /* AppDelegate.m in Sources */ = {isa = PBXBuildFile; fileRef = 3F4D02361CC8FD42005416D5 /* AppDelegate.m */; };
		3F4D023A1CC8FD42005416D5 /* ViewController.m in Sources */ = {isa = PBXBuildFile; fileRef = 3F4D02391CC8FD42005416D5 /* ViewController.m */; };
		3F4D023D1CC8FD42005416D5 /* Main.storyboard in Resources */ = {isa = PBXBuildFile; fileRef = 3F4D023B1CC8FD42005416D5 /* Main.storyboard */; };
		3F4D023F1CC8FD42005416D5 /* Assets.xcassets in Resources */ = {isa = PBXBuildFile; fileRef = 3F4D023E1CC8FD42005416D5 /* Assets.xcassets */; };
		3F4D02421CC8FD42005416D5 /* LaunchScreen.storyboard in Resources */ = {isa = PBXBuildFile; fileRef = 3F4D02401CC8FD42005416D5 /* LaunchScreen.storyboard */; };
		3F4D024B1CC90944005416D5 /* AKTrampoline.m in Sources */ = {isa = PBXBuildFile; fileRef = 3F4D024A1CC90944005416D5 /* AKTrampoline.m */; };
		3F4D024E1CC90AC1005416D5 /* NSArray+HOM.m in Sources */ = {isa = PBXBuildFile; fileRef = 3F4D024D1CC90AC1005416D5 /* NSArray+HOM.m */; };
/* End PBXBuildFile section */

/* Begin PBXFileReference section */
		3F4D022F1CC8FD42005416D5 /* HigherOrderMessaging.app */ = {isa = PBXFileReference; explicitFileType = wrapper.application; includeInIndex = 0; path = HigherOrderMessaging.app; sourceTree = BUILT_PRODUCTS_DIR; };
		3F4D02331CC8FD42005416D5 /* main.m */ = {isa = PBXFileReference; lastKnownFileType = sourcecode.c.objc; path = main.m; sourceTree = "<group>"; };
		3F4D02351CC8FD42005416D5 /* AppDelegate.h */ = {isa = PBXFileReference; lastKnownFileType = sourcecode.c.h; path = AppDelegate.h; sourceTree = "<group>"; };
		3F4D02361CC8FD42005416D5 /* AppDelegate.m */ = {isa = PBXFileReference; lastKnownFileType = sourcecode.c.objc; path = AppDelegate.m; sourceTree = "<group>"; };
		3F4D02381CC8FD42005416D5 /* ViewController.h */ = {isa = PBXFileReference; lastKnownFileType = sourcecode.c.h; path = ViewController.h; sourceTree = "<group>"; };
		3F4D02391CC8FD42005416D5 /* ViewController.m */ = {isa = PBXFileReference; lastKnownFileType = sourcecode.c.objc; path = ViewController.m; sourceTree = "<group>"; };
		3F4D023C1CC8FD42005416D5 /* Base */ = {isa = PBXFileReference; lastKnownFileType = file.storyboard; name = Base; path = Base.lproj/Main.storyboard; sourceTree = "<group>"; };
		3F4D023E1CC8FD42005416D5 /* Assets.xcassets */ = {isa = PBXFileReference; lastKnownFileType = folder.assetcatalog; path = Assets.xcassets; sourceTree = "<group>"; };
		3F4D02411CC8FD42005416D5 /* Base */ = {isa = PBXFileReference; lastKnownFileType = file.storyboard; name = Base; path = Base.lproj/LaunchScreen.storyboard; sourceTree = "<group>"; };
		3F4D02431CC8FD42005416D5 /* Info.plist */ = {isa = PBXFileReference; lastKnownFileType = text.plist.xml; path = Info.plist; sourceTree = "<group>"; };
		3F4D02491CC90944005416D5 /* AKTrampoline.h */ = {isa = PBXFileReference; fileEncoding = 4; lastKnownFileType = sourcecode.c.h; path = AKTrampoline.h; sourceTree = "<group>"; };
		3F4D024A1CC90944005416D5 /* AKTrampoline.m */ = {isa = PBXFileReference; fileEncoding = 4; lastKnownFileType = sourcecode.c.objc; path = AKTrampoline.m; sourceTree = "<group>"; };
		3F4D024C1CC90AC1005416D5 /* NSArray+HOM.h */ = {isa = PBXFileReference; fileEncoding = 4; lastKnownFileType = sourcecode.c.h; path = "NSArray+HOM.h"; sourceTree = "<group>"; };
		3F4D024D1CC90AC1005416D5 /* NSArray+HOM.m */ = {isa = PBXFileReference; fileEncoding = 4; lastKnownFileType = sourcecode.c.objc; path = "NSArray+HOM.m"; sourceTree = "<group>"; };
/* End PBXFileReference section */

/* Begin PBXFrameworksBuildPhase section */
		3F4D022C1CC8FD42005416D5 /* Frameworks */ = {
			isa = PBXFrameworksBuildPhase;
			buildActionMask = 2147483647;
			files = (
			);
			runOnlyForDeploymentPostprocessing = 0;
		};
/* End PBXFrameworksBuildPhase section */

/* Begin PBXGroup section */
		3F4D02261CC8FD42005416D5 = {
			isa = PBXGroup;
			children = (
				3F4D02311CC8FD42005416D5 /* HigherOrderMessaging */,
				3F4D02301CC8FD42005416D5 /* Products */,
			);
			sourceTree = "<group>";
		};
		3F4D02301CC8FD42005416D5 /* Products */ = {
			isa = PBXGroup;
			children = (
				3F4D022F1CC8FD42005416D5 /* HigherOrderMessaging.app */,
			);
			name = Products;
			sourceTree = "<group>";
		};
		3F4D02311CC8FD42005416D5 /* HigherOrderMessaging */ = {
			isa = PBXGroup;
			children = (
				3F4D02351CC8FD42005416D5 /* AppDelegate.h */,
				3F4D02361CC8FD42005416D5 /* AppDelegate.m */,
				3F4D02381CC8FD42005416D5 /* ViewController.h */,
				3F4D02391CC8FD42005416D5 /* ViewController.m */,
				3F4D023B1CC8FD42005416D5 /* Main.storyboard */,
				3F4D023E1CC8FD42005416D5 /* Assets.xcassets */,
				3F4D02401CC8FD42005416D5 /* LaunchScreen.storyboard */,
				3F4D02431CC8FD42005416D5 /* Info.plist */,
				3F4D02321CC8FD42005416D5 /* Supporting Files */,
				3F4D02491CC90944005416D5 /* AKTrampoline.h */,
				3F4D024A1CC90944005416D5 /* AKTrampoline.m */,
				3F4D024C1CC90AC1005416D5 /* NSArray+HOM.h */,
				3F4D024D1CC90AC1005416D5 /* NSArray+HOM.m */,
			);
			path = HigherOrderMessaging;
			sourceTree = "<group>";
		};
		3F4D02321CC8FD42005416D5 /* Supporting Files */ = {
			isa = PBXGroup;
			children = (
				3F4D02331CC8FD42005416D5 /* main.m */,
			);
			name = "Supporting Files";
			sourceTree = "<group>";
		};
/* End PBXGroup section */

/* Begin PBXNativeTarget section */
		3F4D022E1CC8FD42005416D5 /* HigherOrderMessaging */ = {
			isa = PBXNativeTarget;
			buildConfigurationList = 3F4D02461CC8FD42005416D5 /* Build configuration list for PBXNativeTarget "HigherOrderMessaging" */;
			buildPhases = (
				3F4D022B1CC8FD42005416D5 /* Sources */,
				3F4D022C1CC8FD42005416D5 /* Frameworks */,
				3F4D022D1CC8FD42005416D5 /* Resources */,
			);
			buildRules = (
			);
			dependencies = (
			);
			name = HigherOrderMessaging;
			productName = HigherOrderMessaging;
			productReference = 3F4D022F1CC8FD42005416D5 /* HigherOrderMessaging.app */;
			productType = "com.apple.product-type.application";
		};
/* End PBXNativeTarget section */

/* Begin PBXProject section */
		3F4D02271CC8FD42005416D5 /* Project object */ = {
			isa = PBXProject;
			attributes = {
				LastUpgradeCheck = 0730;
				ORGANIZATIONNAME = Local;
				TargetAttributes = {
					3F4D022E1CC8FD42005416D5 = {
						CreatedOnToolsVersion = 7.3;
					};
				};
			};
			buildConfigurationList = 3F4D022A1CC8FD42005416D5 /* Build configuration list for PBXProject "HigherOrderMessaging" */;
			compatibilityVersion = "Xcode 3.2";
			developmentRegion = English;
			hasScannedForEncodings = 0;
			knownRegions = (
				en,
				Base,
			);
			mainGroup = 3F4D02261CC8FD42005416D5;
			productRefGroup = 3F4D02301CC8FD42005416D5 /* Products */;
			projectDirPath = "";
			projectRoot = "";
			targets = (
				3F4D022E1CC8FD42005416D5 /* HigherOrderMessaging */,
			);
		};
/* End PBXProject section */

/* Begin PBXResourcesBuildPhase section */
		3F4D022D1CC8FD42005416D5 /* Resources */ = {
			isa = PBXResourcesBuildPhase;
			buildActionMask = 2147483647;
			files = (
				3F4D02421CC8FD42005416D5 /* LaunchScreen.storyboard in Resources */,
				3F4D023F1CC8FD42005416D5 /* Assets.xcassets in Resources */,
				3F4D023D1CC8FD42005416D5 /* Main.storyboard in Resources */,
			);
			runOnlyForDeploymentPostprocessing = 0;
		};
/* End PBXResourcesBuildPhase section */

/* Begin PBXSourcesBuildPhase section */
		3F4D022B1CC8FD42005416D5 /* Sources */ = {
			isa = PBXSourcesBuildPhase;
			buildActionMask = 2147483647;
			files = (
				3F4D024B1CC90944005416D5 /* AKTrampoline.m in Sources */,
				3F4D023A1CC8FD42005416D5 /* ViewController.m in Sources */,
				3F4D02371CC8FD42005416D5 /* AppDelegate.m in Sources */,
				3F4D024E1CC90AC1005416D5 /* NSArray+HOM.m in Sources */,
				3F4D02341CC8FD42005416D5 /* main.m in Sources */,
			);
			runOnlyForDeploymentPostprocessing = 0;
		};
/* End PBXSourcesBuildPhase section */

/* Begin PBXVariantGroup section */
		3F4D023B1CC8FD42005416D5 /* Main.storyboard */ = {
			isa = PBXVariantGroup;
			children = (
				3F4D023C1CC8FD42005416D5 /* Base */,
			);
			name = Main.storyboard;
			sourceTree = "<group>";
		};
		3F4D02401CC8FD42005416D5 /* LaunchScreen.storyboard */ = {
			isa = PBXVariantGroup;
			children = (
				3F4D02411CC8FD42005416D5 /* Base */,
			);
			name = LaunchScreen.storyboard;
			sourceTree = "<group>";
		};
/* End PBXVariantGroup section */

/* Begin XCBuildConfiguration section */
		3F4D02441CC8FD42005416D5 /* Debug */ = {
			isa = XCBuildConfiguration;
			buildSettings = {
				ALWAYS_SEARCH_USER_PATHS = NO;
				CLANG_ANALYZER_NONNULL = YES;
				CLANG_CXX_LANGUAGE_STANDARD = "gnu++0x";
				CLANG_CXX_LIBRARY = "libc++";
				CLANG_ENABLE_MODULES = YES;
				CLANG_ENABLE_OBJC_ARC = YES;
				CLANG_WARN_BOOL_CONVERSION = YES;
				CLANG_WARN_CONSTANT_CONVERSION = YES;
				CLANG_WARN_DIRECT_OBJC_ISA_USAGE = YES_ERROR;
				CLANG_WARN_EMPTY_BODY = YES;
				CLANG_WARN_ENUM_CONVERSION = YES;
				CLANG_WARN_INT_CONVERSION = YES;
				CLANG_WARN_OBJC_ROOT_CLASS = YES_ERROR;
				CLANG_WARN_UNREACHABLE_CODE = YES;
				CLANG_WARN__DUPLICATE_METHOD_MATCH = YES;
				"CODE_SIGN_IDENTITY[sdk=iphoneos*]" = "iPhone Developer";
				COPY_PHASE_STRIP = NO;
				DEBUG_INFORMATION_FORMAT = dwarf;
				ENABLE_STRICT_OBJC_MSGSEND = YES;
				ENABLE_TESTABILITY = YES;
				GCC_C_LANGUAGE_STANDARD = gnu99;
				GCC_DYNAMIC_NO_PIC = NO;
				GCC_NO_COMMON_BLOCKS = YES;
				GCC_OPTIMIZATION_LEVEL = 0;
				GCC_PREPROCESSOR_DEFINITIONS = (
					"DEBUG=1",
					"$(inherited)",
				);
				GCC_WARN_64_TO_32_BIT_CONVERSION = YES;
				GCC_WARN_ABOUT_RETURN_TYPE = YES_ERROR;
				GCC_WARN_UNDECLARED_SELECTOR = YES;
				GCC_WARN_UNINITIALIZED_AUTOS = YES_AGGRESSIVE;
				GCC_WARN_UNUSED_FUNCTION = YES;
				GCC_WARN_UNUSED_VARIABLE = YES;
				IPHONEOS_DEPLOYMENT_TARGET = 9.3;
				MTL_ENABLE_DEBUG_INFO = YES;
				ONLY_ACTIVE_ARCH = YES;
				SDKROOT = iphoneos;
			};
			name = Debug;
		};
		3F4D02451CC8FD42005416D5 /* Release */ = {
			isa = XCBuildConfiguration;
			buildSettings = {
				ALWAYS_SEARCH_USER_PATHS = NO;
				CLANG_ANALYZER_NONNULL = YES;
				CLANG_CXX_LANGUAGE_STANDARD = "gnu++0x";
				CLANG_CXX_LIBRARY = "libc++";
				CLANG_ENABLE_MODULES = YES;
				CLANG_ENABLE_OBJC_ARC = YES;
				CLANG_WARN_BOOL_CONVERSION = YES;
				CLANG_WARN_CONSTANT_CONVERSION = YES;
				CLANG_WARN_DIRECT_OBJC_ISA_USAGE = YES_ERROR;
				CLANG_WARN_EMPTY_BODY = YES;
				CLANG_WARN_ENUM_CONVERSION = YES;
				CLANG_WARN_INT_CONVERSION = YES;
				CLANG_WARN_OBJC_ROOT_CLASS = YES_ERROR;
				CLANG_WARN_UNREACHABLE_CODE = YES;
				CLANG_WARN__DUPLICATE_METHOD_MATCH = YES;
				"CODE_SIGN_IDENTITY[sdk=iphoneos*]" = "iPhone Developer";
				COPY_PHASE_STRIP = NO;
				DEBUG_INFORMATION_FORMAT = "dwarf-with-dsym";
				ENABLE_NS_ASSERTIONS = NO;
				ENABLE_STRICT_OBJC_MSGSEND = YES;
				GCC_C_LANGUAGE_STANDARD = gnu99;
				GCC_NO_COMMON_BLOCKS = YES;
				GCC_WARN_64_TO_32_BIT_CONVERSION = YES;
				GCC_WARN_ABOUT_RETURN_TYPE = YES_ERROR;
				GCC_WARN_UNDECLARED_SELECTOR = YES;
				GCC_WARN_UNINITIALIZED_AUTOS = YES_AGGRESSIVE;
				GCC_WARN_UNUSED_FUNCTION = YES;
				GCC_WARN_UNUSED_VARIABLE = YES;
				IPHONEOS_DEPLOYMENT_TARGET = 9.3;
				MTL_ENABLE_DEBUG_INFO = NO;
				SDKROOT = iphoneos;
				VALIDATE_PRODUCT = YES;
			};
			name = Release;
		};
		3F4D02471CC8FD42005416D5 /* Debug */ = {
			isa = XCBuildConfiguration;
			buildSettings = {
				ASSETCATALOG_COMPILER_APPICON_NAME = AppIcon;
				INFOPLIST_FILE = HigherOrderMessaging/Info.plist;
				LD_RUNPATH_SEARCH_PATHS = "$(inherited) @executable_path/Frameworks";
				PRODUCT_BUNDLE_IDENTIFIER = com.pixel.mavericks.HigherOrderMessaging;
				PRODUCT_NAME = "$(TARGET_NAME)";
			};
			name = Debug;
		};
		3F4D02481CC8FD42005416D5 /* Release */ = {
			isa = XCBuildConfiguration;
			buildSettings = {
				ASSETCATALOG_COMPILER_APPICON_NAME = AppIcon;
				INFOPLIST_FILE = HigherOrderMessaging/Info.plist;
				LD_RUNPATH_SEARCH_PATHS = "$(inherited) @executable_path/Frameworks";
				PRODUCT_BUNDLE_IDENTIFIER = com.pixel.mavericks.HigherOrderMessaging;
				PRODUCT_NAME = "$(TARGET_NAME)";
			};
			name = Release;
		};
/* End XCBuildConfiguration section */

/* Begin XCConfigurationList section */
		3F4D022A1CC8FD42005416D5 /* Build configuration list for PBXProject "HigherOrderMessaging" */ = {
			isa = XCConfigurationList;
			buildConfigurations = (
				3F4D02441CC8FD42005416D5 /* Debug */,
				3F4D02451CC8FD42005416D5 /* Release */,
			);
			defaultConfigurationIsVisible = 0;
			defaultConfigurationName = Release;
		};
		3F4D02461CC8FD42005416D5 /* Build configuration list for PBXNativeTarget "HigherOrderMessaging" */ = {
			isa = XCConfigurationList;
			buildConfigurations = (
				3F4D02471CC8FD42005416D5 /* Debug */,
				3F4D02481CC8FD42005416D5 /* Release */,
			);
			defaultConfigurationIsVisible = 0;
		};
/* End XCConfigurationList section */
	};
	rootObject = 3F4D02271CC8FD42005416D5 /* Project object */;
}
